
Microsoft Visual Studio Solution File, Format Version 12.00
# Visual Studio Version 16
VisualStudioVersion = 16.0.33027.164
MinimumVisualStudioVersion = 10.0.40219.1
Project("{FAE04EC0-301F-11D3-BF4B-00C04F79EFBC}") = "MutfakPerisi", "MutfakPerisi\MutfakPerisi.csproj", "{2E02B95F-2343-403A-81C0-E0265C054006}"
EndProject
Global
	GlobalSection(SolutionConfigurationPlatforms) = preSolution
		Debug|Any CPU = Debug|Any CPU
		Release|Any CPU = Release|Any CPU
	EndGlobalSection
	GlobalSection(ProjectConfigurationPlatforms) = postSolution
		{2E02B95F-2343-403A-81C0-E0265C054006}.Debug|Any CPU.ActiveCfg = Debug|Any CPU
		{2E02B95F-2343-403A-81C0-E0265C054006}.Debug|Any CPU.Build.0 = Debug|Any CPU
		{2E02B95F-2343-403A-81C0-E0265C054006}.Release|Any CPU.ActiveCfg = Release|Any CPU
		{2E02B95F-2343-403A-81C0-E0265C054006}.Release|Any CPU.Build.0 = Release|Any CPU
	EndGlobalSection
	GlobalSection(SolutionProperties) = preSolution
		HideSolutionNode = FALSE
	EndGlobalSection
	GlobalSection(ExtensibilityGlobals) = postSolution
		SolutionGuid = {687A00D7-E78F-4C22-AA4F-46E2EF97F9C2}
	EndGlobalSection
EndGlobal
